// !$*UTF8*$!
{
	archiveVersion = 1;
	classes = {
	};
	objectVersion = 50;
	objects = {

/* Begin PBXBuildFile section */
		10EB1247BCADAE385C9E8FF6 /* Pods_ShoppingMall_Ex1.framework in Frameworks */ = {isa = PBXBuildFile; fileRef = 22CAC52898BC4AFDD53BFAB2 /* Pods_ShoppingMall_Ex1.framework */; };
		497D6C8325161C65007DE651 /* AppDelegate.swift in Sources */ = {isa = PBXBuildFile; fileRef = 497D6C8225161C65007DE651 /* AppDelegate.swift */; };
		497D6C8525161C65007DE651 /* SceneDelegate.swift in Sources */ = {isa = PBXBuildFile; fileRef = 497D6C8425161C65007DE651 /* SceneDelegate.swift */; };
		497D6C8725161C65007DE651 /* ViewController.swift in Sources */ = {isa = PBXBuildFile; fileRef = 497D6C8625161C65007DE651 /* ViewController.swift */; };
		497D6C8A25161C65007DE651 /* Main.storyboard in Resources */ = {isa = PBXBuildFile; fileRef = 497D6C8825161C65007DE651 /* Main.storyboard */; };
		497D6C8C25161C66007DE651 /* Assets.xcassets in Resources */ = {isa = PBXBuildFile; fileRef = 497D6C8B25161C66007DE651 /* Assets.xcassets */; };
		497D6C8F25161C66007DE651 /* LaunchScreen.storyboard in Resources */ = {isa = PBXBuildFile; fileRef = 497D6C8D25161C66007DE651 /* LaunchScreen.storyboard */; };
		497D6C9825161F3C007DE651 /* Home.storyboard in Resources */ = {isa = PBXBuildFile; fileRef = 497D6C9625161F3C007DE651 /* Home.storyboard */; };
		497D6C9C25161F99007DE651 /* Profile.storyboard in Resources */ = {isa = PBXBuildFile; fileRef = 497D6C9A25161F99007DE651 /* Profile.storyboard */; };
		497D6C9E25161FCE007DE651 /* Order.storyboard in Resources */ = {isa = PBXBuildFile; fileRef = 497D6C9D25161FCE007DE651 /* Order.storyboard */; };
		497D6CA12516202E007DE651 /* Payment.storyboard in Resources */ = {isa = PBXBuildFile; fileRef = 497D6CA02516202E007DE651 /* Payment.storyboard */; };
		497D6CA32516231F007DE651 /* Product.swift in Sources */ = {isa = PBXBuildFile; fileRef = 497D6CA22516231F007DE651 /* Product.swift */; };
		497D6CA725162B9A007DE651 /* FeedViewController.swift in Sources */ = {isa = PBXBuildFile; fileRef = 497D6CA625162B9A007DE651 /* FeedViewController.swift */; };
		497D6CA925163148007DE651 /* FeedProductTableViewCell.swift in Sources */ = {isa = PBXBuildFile; fileRef = 497D6CA825163148007DE651 /* FeedProductTableViewCell.swift */; };
/* End PBXBuildFile section */

/* Begin PBXFileReference section */
		22CAC52898BC4AFDD53BFAB2 /* Pods_ShoppingMall_Ex1.framework */ = {isa = PBXFileReference; explicitFileType = wrapper.framework; includeInIndex = 0; path = Pods_ShoppingMall_Ex1.framework; sourceTree = BUILT_PRODUCTS_DIR; };
		497D6C7F25161C65007DE651 /* ShoppingMall_Ex1.app */ = {isa = PBXFileReference; explicitFileType = wrapper.application; includeInIndex = 0; path = ShoppingMall_Ex1.app; sourceTree = BUILT_PRODUCTS_DIR; };
		497D6C8225161C65007DE651 /* AppDelegate.swift */ = {isa = PBXFileReference; lastKnownFileType = sourcecode.swift; path = AppDelegate.swift; sourceTree = "<group>"; };
		497D6C8425161C65007DE651 /* SceneDelegate.swift */ = {isa = PBXFileReference; lastKnownFileType = sourcecode.swift; path = SceneDelegate.swift; sourceTree = "<group>"; };
		497D6C8625161C65007DE651 /* ViewController.swift */ = {isa = PBXFileReference; lastKnownFileType = sourcecode.swift; path = ViewController.swift; sourceTree = "<group>"; };
		497D6C8925161C65007DE651 /* Base */ = {isa = PBXFileReference; lastKnownFileType = file.storyboard; name = Base; path = Base.lproj/Main.storyboard; sourceTree = "<group>"; };
		497D6C8B25161C66007DE651 /* Assets.xcassets */ = {isa = PBXFileReference; lastKnownFileType = folder.assetcatalog; path = Assets.xcassets; sourceTree = "<group>"; };
		497D6C8E25161C66007DE651 /* Base */ = {isa = PBXFileReference; lastKnownFileType = file.storyboard; name = Base; path = Base.lproj/LaunchScreen.storyboard; sourceTree = "<group>"; };
		497D6C9025161C66007DE651 /* Info.plist */ = {isa = PBXFileReference; lastKnownFileType = text.plist.xml; path = Info.plist; sourceTree = "<group>"; };
		497D6C9725161F3C007DE651 /* Base */ = {isa = PBXFileReference; lastKnownFileType = file.storyboard; name = Base; path = Base.lproj/Home.storyboard; sourceTree = "<group>"; };
		497D6C9B25161F99007DE651 /* Base */ = {isa = PBXFileReference; lastKnownFileType = file.storyboard; name = Base; path = Base.lproj/Profile.storyboard; sourceTree = "<group>"; };
		497D6C9D25161FCE007DE651 /* Order.storyboard */ = {isa = PBXFileReference; fileEncoding = 4; lastKnownFileType = file.storyboard; path = Order.storyboard; sourceTree = SOURCE_ROOT; };
		497D6CA02516202E007DE651 /* Payment.storyboard */ = {isa = PBXFileReference; fileEncoding = 4; lastKnownFileType = file.storyboard; path = Payment.storyboard; sourceTree = SOURCE_ROOT; };
		497D6CA22516231F007DE651 /* Product.swift */ = {isa = PBXFileReference; lastKnownFileType = sourcecode.swift; path = Product.swift; sourceTree = "<group>"; };
		497D6CA625162B9A007DE651 /* FeedViewController.swift */ = {isa = PBXFileReference; lastKnownFileType = sourcecode.swift; path = FeedViewController.swift; sourceTree = "<group>"; };
		497D6CA825163148007DE651 /* FeedProductTableViewCell.swift */ = {isa = PBXFileReference; lastKnownFileType = sourcecode.swift; path = FeedProductTableViewCell.swift; sourceTree = "<group>"; };
		B2B669626A54C7CF1389842C /* Pods-ShoppingMall_Ex1.debug.xcconfig */ = {isa = PBXFileReference; includeInIndex = 1; lastKnownFileType = text.xcconfig; name = "Pods-ShoppingMall_Ex1.debug.xcconfig"; path = "Target Support Files/Pods-ShoppingMall_Ex1/Pods-ShoppingMall_Ex1.debug.xcconfig"; sourceTree = "<group>"; };
		B598A63F36996589264BF1B5 /* Pods-ShoppingMall_Ex1.release.xcconfig */ = {isa = PBXFileReference; includeInIndex = 1; lastKnownFileType = text.xcconfig; name = "Pods-ShoppingMall_Ex1.release.xcconfig"; path = "Target Support Files/Pods-ShoppingMall_Ex1/Pods-ShoppingMall_Ex1.release.xcconfig"; sourceTree = "<group>"; };
/* End PBXFileReference section */

/* Begin PBXFrameworksBuildPhase section */
		497D6C7C25161C65007DE651 /* Frameworks */ = {
			isa = PBXFrameworksBuildPhase;
			buildActionMask = 2147483647;
			files = (
				10EB1247BCADAE385C9E8FF6 /* Pods_ShoppingMall_Ex1.framework in Frameworks */,
			);
			runOnlyForDeploymentPostprocessing = 0;
		};
/* End PBXFrameworksBuildPhase section */

/* Begin PBXGroup section */
		497D6C7625161C65007DE651 = {
			isa = PBXGroup;
			children = (
				497D6C8125161C65007DE651 /* ShoppingMall_Ex1 */,
				497D6C8025161C65007DE651 /* Products */,
				4C4B9893D3114DEC29D2D43A /* Pods */,
				F0FDA1ADF856905A036F3DAA /* Frameworks */,
			);
			sourceTree = "<group>";
		};
		497D6C8025161C65007DE651 /* Products */ = {
			isa = PBXGroup;
			children = (
				497D6C7F25161C65007DE651 /* ShoppingMall_Ex1.app */,
			);
			name = Products;
			sourceTree = "<group>";
		};
		497D6C8125161C65007DE651 /* ShoppingMall_Ex1 */ = {
			isa = PBXGroup;
			children = (
				497D6C8225161C65007DE651 /* AppDelegate.swift */,
				497D6C8425161C65007DE651 /* SceneDelegate.swift */,
				497D6CA22516231F007DE651 /* Product.swift */,
				497D6C8625161C65007DE651 /* ViewController.swift */,
				497D6CA625162B9A007DE651 /* FeedViewController.swift */,
				497D6CA825163148007DE651 /* FeedProductTableViewCell.swift */,
				497D6C9925161F4E007DE651 /* Storyboard */,
				497D6C8B25161C66007DE651 /* Assets.xcassets */,
				497D6C9025161C66007DE651 /* Info.plist */,
			);
			path = ShoppingMall_Ex1;
			sourceTree = "<group>";
		};
		497D6C9925161F4E007DE651 /* Storyboard */ = {
			isa = PBXGroup;
			children = (
				497D6C8825161C65007DE651 /* Main.storyboard */,
				497D6C9625161F3C007DE651 /* Home.storyboard */,
				497D6C9D25161FCE007DE651 /* Order.storyboard */,
				497D6CA02516202E007DE651 /* Payment.storyboard */,
				497D6C9A25161F99007DE651 /* Profile.storyboard */,
				497D6C8D25161C66007DE651 /* LaunchScreen.storyboard */,
			);
			path = Storyboard;
			sourceTree = "<group>";
		};
		4C4B9893D3114DEC29D2D43A /* Pods */ = {
			isa = PBXGroup;
			children = (
				B2B669626A54C7CF1389842C /* Pods-ShoppingMall_Ex1.debug.xcconfig */,
				B598A63F36996589264BF1B5 /* Pods-ShoppingMall_Ex1.release.xcconfig */,
			);
			path = Pods;
			sourceTree = "<group>";
		};
		F0FDA1ADF856905A036F3DAA /* Frameworks */ = {
			isa = PBXGroup;
			children = (
				22CAC52898BC4AFDD53BFAB2 /* Pods_ShoppingMall_Ex1.framework */,
			);
			name = Frameworks;
			sourceTree = "<group>";
		};
/* End PBXGroup section */

/* Begin PBXNativeTarget section */
		497D6C7E25161C65007DE651 /* ShoppingMall_Ex1 */ = {
			isa = PBXNativeTarget;
			buildConfigurationList = 497D6C9325161C66007DE651 /* Build configuration list for PBXNativeTarget "ShoppingMall_Ex1" */;
			buildPhases = (
				9C8EFA1899D8854A4A0ABEF8 /* [CP] Check Pods Manifest.lock */,
				497D6C7B25161C65007DE651 /* Sources */,
				497D6C7C25161C65007DE651 /* Frameworks */,
				497D6C7D25161C65007DE651 /* Resources */,
			);
			buildRules = (
			);
			dependencies = (
			);
			name = ShoppingMall_Ex1;
			productName = ShoppingMall_Ex1;
			productReference = 497D6C7F25161C65007DE651 /* ShoppingMall_Ex1.app */;
			productType = "com.apple.product-type.application";
		};
/* End PBXNativeTarget section */

/* Begin PBXProject section */
		497D6C7725161C65007DE651 /* Project object */ = {
			isa = PBXProject;
			attributes = {
				LastSwiftUpdateCheck = 1170;
				LastUpgradeCheck = 1170;
				ORGANIZATIONNAME = "Ahreum CHO";
				TargetAttributes = {
					497D6C7E25161C65007DE651 = {
						CreatedOnToolsVersion = 11.7;
					};
				};
			};
			buildConfigurationList = 497D6C7A25161C65007DE651 /* Build configuration list for PBXProject "ShoppingMall_Ex1" */;
			compatibilityVersion = "Xcode 9.3";
			developmentRegion = en;
			hasScannedForEncodings = 0;
			knownRegions = (
				en,
				Base,
			);
			mainGroup = 497D6C7625161C65007DE651;
			productRefGroup = 497D6C8025161C65007DE651 /* Products */;
			projectDirPath = "";
			projectRoot = "";
			targets = (
				497D6C7E25161C65007DE651 /* ShoppingMall_Ex1 */,
			);
		};
/* End PBXProject section */

/* Begin PBXResourcesBuildPhase section */
		497D6C7D25161C65007DE651 /* Resources */ = {
			isa = PBXResourcesBuildPhase;
			buildActionMask = 2147483647;
			files = (
				497D6C8F25161C66007DE651 /* LaunchScreen.storyboard in Resources */,
				497D6CA12516202E007DE651 /* Payment.storyboard in Resources */,
				497D6C8C25161C66007DE651 /* Assets.xcassets in Resources */,
				497D6C9C25161F99007DE651 /* Profile.storyboard in Resources */,
				497D6C8A25161C65007DE651 /* Main.storyboard in Resources */,
				497D6C9825161F3C007DE651 /* Home.storyboard in Resources */,
				497D6C9E25161FCE007DE651 /* Order.storyboard in Resources */,
			);
			runOnlyForDeploymentPostprocessing = 0;
		};
/* End PBXResourcesBuildPhase section */

/* Begin PBXShellScriptBuildPhase section */
		9C8EFA1899D8854A4A0ABEF8 /* [CP] Check Pods Manifest.lock */ = {
			isa = PBXShellScriptBuildPhase;
			buildActionMask = 2147483647;
			files = (
			);
			inputFileListPaths = (
			);
			inputPaths = (
				"${PODS_PODFILE_DIR_PATH}/Podfile.lock",
				"${PODS_ROOT}/Manifest.lock",
			);
			name = "[CP] Check Pods Manifest.lock";
			outputFileListPaths = (
			);
			outputPaths = (
				"$(DERIVED_FILE_DIR)/Pods-ShoppingMall_Ex1-checkManifestLockResult.txt",
			);
			runOnlyForDeploymentPostprocessing = 0;
			shellPath = /bin/sh;
			shellScript = "diff \"${PODS_PODFILE_DIR_PATH}/Podfile.lock\" \"${PODS_ROOT}/Manifest.lock\" > /dev/null\nif [ $? != 0 ] ; then\n    # print error to STDERR\n    echo \"error: The sandbox is not in sync with the Podfile.lock. Run 'pod install' or update your CocoaPods installation.\" >&2\n    exit 1\nfi\n# This output is used by Xcode 'outputs' to avoid re-running this script phase.\necho \"SUCCESS\" > \"${SCRIPT_OUTPUT_FILE_0}\"\n";
			showEnvVarsInLog = 0;
		};
/* End PBXShellScriptBuildPhase section */

/* Begin PBXSourcesBuildPhase section */
		497D6C7B25161C65007DE651 /* Sources */ = {
			isa = PBXSourcesBuildPhase;
			buildActionMask = 2147483647;
			files = (
				497D6C8725161C65007DE651 /* ViewController.swift in Sources */,
				497D6CA32516231F007DE651 /* Product.swift in Sources */,
				497D6CA725162B9A007DE651 /* FeedViewController.swift in Sources */,
				497D6C8325161C65007DE651 /* AppDelegate.swift in Sources */,
				497D6C8525161C65007DE651 /* SceneDelegate.swift in Sources */,
				497D6CA925163148007DE651 /* FeedProductTableViewCell.swift in Sources */,
			);
			runOnlyForDeploymentPostprocessing = 0;
		};
/* End PBXSourcesBuildPhase section */

/* Begin PBXVariantGroup section */
		497D6C8825161C65007DE651 /* Main.storyboard */ = {
			isa = PBXVariantGroup;
			children = (
				497D6C8925161C65007DE651 /* Base */,
			);
			name = Main.storyboard;
			sourceTree = "<group>";
		};
		497D6C8D25161C66007DE651 /* LaunchScreen.storyboard */ = {
			isa = PBXVariantGroup;
			children = (
				497D6C8E25161C66007DE651 /* Base */,
			);
			name = LaunchScreen.storyboard;
			sourceTree = "<group>";
		};
		497D6C9625161F3C007DE651 /* Home.storyboard */ = {
			isa = PBXVariantGroup;
			children = (
				497D6C9725161F3C007DE651 /* Base */,
			);
			name = Home.storyboard;
			sourceTree = "<group>";
		};
		497D6C9A25161F99007DE651 /* Profile.storyboard */ = {
			isa = PBXVariantGroup;
			children = (
				497D6C9B25161F99007DE651 /* Base */,
			);
			name = Profile.storyboard;
			sourceTree = "<group>";
		};
/* End PBXVariantGroup section */

/* Begin XCBuildConfiguration section */
		497D6C9125161C66007DE651 /* Debug */ = {
			isa = XCBuildConfiguration;
			buildSettings = {
				ALWAYS_SEARCH_USER_PATHS = NO;
				CLANG_ANALYZER_NONNULL = YES;
				CLANG_ANALYZER_NUMBER_OBJECT_CONVERSION = YES_AGGRESSIVE;
				CLANG_CXX_LANGUAGE_STANDARD = "gnu++14";
				CLANG_CXX_LIBRARY = "libc++";
				CLANG_ENABLE_MODULES = YES;
				CLANG_ENABLE_OBJC_ARC = YES;
				CLANG_ENABLE_OBJC_WEAK = YES;
				CLANG_WARN_BLOCK_CAPTURE_AUTORELEASING = YES;
				CLANG_WARN_BOOL_CONVERSION = YES;
				CLANG_WARN_COMMA = YES;
				CLANG_WARN_CONSTANT_CONVERSION = YES;
				CLANG_WARN_DEPRECATED_OBJC_IMPLEMENTATIONS = YES;
				CLANG_WARN_DIRECT_OBJC_ISA_USAGE = YES_ERROR;
				CLANG_WARN_DOCUMENTATION_COMMENTS = YES;
				CLANG_WARN_EMPTY_BODY = YES;
				CLANG_WARN_ENUM_CONVERSION = YES;
				CLANG_WARN_INFINITE_RECURSION = YES;
				CLANG_WARN_INT_CONVERSION = YES;
				CLANG_WARN_NON_LITERAL_NULL_CONVERSION = YES;
				CLANG_WARN_OBJC_IMPLICIT_RETAIN_SELF = YES;
				CLANG_WARN_OBJC_LITERAL_CONVERSION = YES;
				CLANG_WARN_OBJC_ROOT_CLASS = YES_ERROR;
				CLANG_WARN_RANGE_LOOP_ANALYSIS = YES;
				CLANG_WARN_STRICT_PROTOTYPES = YES;
				CLANG_WARN_SUSPICIOUS_MOVE = YES;
				CLANG_WARN_UNGUARDED_AVAILABILITY = YES_AGGRESSIVE;
				CLANG_WARN_UNREACHABLE_CODE = YES;
				CLANG_WARN__DUPLICATE_METHOD_MATCH = YES;
				COPY_PHASE_STRIP = NO;
				DEBUG_INFORMATION_FORMAT = dwarf;
				ENABLE_STRICT_OBJC_MSGSEND = YES;
				ENABLE_TESTABILITY = YES;
				GCC_C_LANGUAGE_STANDARD = gnu11;
				GCC_DYNAMIC_NO_PIC = NO;
				GCC_NO_COMMON_BLOCKS = YES;
				GCC_OPTIMIZATION_LEVEL = 0;
				GCC_PREPROCESSOR_DEFINITIONS = (
					"DEBUG=1",
					"$(inherited)",
				);
				GCC_WARN_64_TO_32_BIT_CONVERSION = YES;
				GCC_WARN_ABOUT_RETURN_TYPE = YES_ERROR;
				GCC_WARN_UNDECLARED_SELECTOR = YES;
				GCC_WARN_UNINITIALIZED_AUTOS = YES_AGGRESSIVE;
				GCC_WARN_UNUSED_FUNCTION = YES;
				GCC_WARN_UNUSED_VARIABLE = YES;
				IPHONEOS_DEPLOYMENT_TARGET = 13.7;
				MTL_ENABLE_DEBUG_INFO = INCLUDE_SOURCE;
				MTL_FAST_MATH = YES;
				ONLY_ACTIVE_ARCH = YES;
				SDKROOT = iphoneos;
				SWIFT_ACTIVE_COMPILATION_CONDITIONS = DEBUG;
				SWIFT_OPTIMIZATION_LEVEL = "-Onone";
			};
			name = Debug;
		};
		497D6C9225161C66007DE651 /* Release */ = {
			isa = XCBuildConfiguration;
			buildSettings = {
				ALWAYS_SEARCH_USER_PATHS = NO;
				CLANG_ANALYZER_NONNULL = YES;
				CLANG_ANALYZER_NUMBER_OBJECT_CONVERSION = YES_AGGRESSIVE;
				CLANG_CXX_LANGUAGE_STANDARD = "gnu++14";
				CLANG_CXX_LIBRARY = "libc++";
				CLANG_ENABLE_MODULES = YES;
				CLANG_ENABLE_OBJC_ARC = YES;
				CLANG_ENABLE_OBJC_WEAK = YES;
				CLANG_WARN_BLOCK_CAPTURE_AUTORELEASING = YES;
				CLANG_WARN_BOOL_CONVERSION = YES;
				CLANG_WARN_COMMA = YES;
				CLANG_WARN_CONSTANT_CONVERSION = YES;
				CLANG_WARN_DEPRECATED_OBJC_IMPLEMENTATIONS = YES;
				CLANG_WARN_DIRECT_OBJC_ISA_USAGE = YES_ERROR;
				CLANG_WARN_DOCUMENTATION_COMMENTS = YES;
				CLANG_WARN_EMPTY_BODY = YES;
				CLANG_WARN_ENUM_CONVERSION = YES;
				CLANG_WARN_INFINITE_RECURSION = YES;
				CLANG_WARN_INT_CONVERSION = YES;
				CLANG_WARN_NON_LITERAL_NULL_CONVERSION = YES;
				CLANG_WARN_OBJC_IMPLICIT_RETAIN_SELF = YES;
				CLANG_WARN_OBJC_LITERAL_CONVERSION = YES;
				CLANG_WARN_OBJC_ROOT_CLASS = YES_ERROR;
				CLANG_WARN_RANGE_LOOP_ANALYSIS = YES;
				CLANG_WARN_STRICT_PROTOTYPES = YES;
				CLANG_WARN_SUSPICIOUS_MOVE = YES;
				CLANG_WARN_UNGUARDED_AVAILABILITY = YES_AGGRESSIVE;
				CLANG_WARN_UNREACHABLE_CODE = YES;
				CLANG_WARN__DUPLICATE_METHOD_MATCH = YES;
				COPY_PHASE_STRIP = NO;
				DEBUG_INFORMATION_FORMAT = "dwarf-with-dsym";
				ENABLE_NS_ASSERTIONS = NO;
				ENABLE_STRICT_OBJC_MSGSEND = YES;
				GCC_C_LANGUAGE_STANDARD = gnu11;
				GCC_NO_COMMON_BLOCKS = YES;
				GCC_WARN_64_TO_32_BIT_CONVERSION = YES;
				GCC_WARN_ABOUT_RETURN_TYPE = YES_ERROR;
				GCC_WARN_UNDECLARED_SELECTOR = YES;
				GCC_WARN_UNINITIALIZED_AUTOS = YES_AGGRESSIVE;
				GCC_WARN_UNUSED_FUNCTION = YES;
				GCC_WARN_UNUSED_VARIABLE = YES;
				IPHONEOS_DEPLOYMENT_TARGET = 13.7;
				MTL_ENABLE_DEBUG_INFO = NO;
				MTL_FAST_MATH = YES;
				SDKROOT = iphoneos;
				SWIFT_COMPILATION_MODE = wholemodule;
				SWIFT_OPTIMIZATION_LEVEL = "-O";
				VALIDATE_PRODUCT = YES;
			};
			name = Release;
		};
		497D6C9425161C66007DE651 /* Debug */ = {
			isa = XCBuildConfiguration;
			baseConfigurationReference = B2B669626A54C7CF1389842C /* Pods-ShoppingMall_Ex1.debug.xcconfig */;
			buildSettings = {
				ASSETCATALOG_COMPILER_APPICON_NAME = AppIcon;
				CODE_SIGN_STYLE = Automatic;
				INFOPLIST_FILE = ShoppingMall_Ex1/Info.plist;
				LD_RUNPATH_SEARCH_PATHS = (
					"$(inherited)",
					"@executable_path/Frameworks",
				);
				PRODUCT_BUNDLE_IDENTIFIER = "org.techtown.ShoppingMall-Ex1";
				PRODUCT_NAME = "$(TARGET_NAME)";
				SWIFT_VERSION = 5.0;
				TARGETED_DEVICE_FAMILY = "1,2";
			};
			name = Debug;
		};
		497D6C9525161C66007DE651 /* Release */ = {
			isa = XCBuildConfiguration;
			baseConfigurationReference = B598A63F36996589264BF1B5 /* Pods-ShoppingMall_Ex1.release.xcconfig */;
			buildSettings = {
				ASSETCATALOG_COMPILER_APPICON_NAME = AppIcon;
				CODE_SIGN_STYLE = Automatic;
				INFOPLIST_FILE = ShoppingMall_Ex1/Info.plist;
				LD_RUNPATH_SEARCH_PATHS = (
					"$(inherited)",
					"@executable_path/Frameworks",
				);
				PRODUCT_BUNDLE_IDENTIFIER = "org.techtown.ShoppingMall-Ex1";
				PRODUCT_NAME = "$(TARGET_NAME)";
				SWIFT_VERSION = 5.0;
				TARGETED_DEVICE_FAMILY = "1,2";
			};
			name = Release;
		};
/* End XCBuildConfiguration section */

/* Begin XCConfigurationList section */
		497D6C7A25161C65007DE651 /* Build configuration list for PBXProject "ShoppingMall_Ex1" */ = {
			isa = XCConfigurationList;
			buildConfigurations = (
				497D6C9125161C66007DE651 /* Debug */,
				497D6C9225161C66007DE651 /* Release */,
			);
			defaultConfigurationIsVisible = 0;
			defaultConfigurationName = Release;
		};
		497D6C9325161C66007DE651 /* Build configuration list for PBXNativeTarget "ShoppingMall_Ex1" */ = {
			isa = XCConfigurationList;
			buildConfigurations = (
				497D6C9425161C66007DE651 /* Debug */,
				497D6C9525161C66007DE651 /* Release */,
			);
			defaultConfigurationIsVisible = 0;
			defaultConfigurationName = Release;
		};
/* End XCConfigurationList section */
	};
	rootObject = 497D6C7725161C65007DE651 /* Project object */;
}
